# This file is generated by running "yarn install" inside your project.
# Manual changes might be lost - proceed with caution!

__metadata:
  version: 8
  cacheKey: 10

"@aikochan2k6/qrcode-terminal@npm:^0.12.1":
  version: 0.12.1
  resolution: "@aikochan2k6/qrcode-terminal@npm:0.12.1"
  checksum: 372b0ff2c4071dcbc978c89d4bedf7267a7bb9128e589cb21cfea660f409395ec86c0216d3743f2d526429ac436202bf71a67b99b580c9dea62bfc96bfac560d
  languageName: node
  linkType: hard

"@cspotcode/source-map-support@npm:^0.8.0":
  version: 0.8.1
  resolution: "@cspotcode/source-map-support@npm:0.8.1"
  dependencies:
    "@jridgewell/trace-mapping": "npm:0.3.9"
  checksum: b6e38a1712fab242c86a241c229cf562195aad985d0564bd352ac404be583029e89e93028ffd2c251d2c407ecac5fb0cbdca94a2d5c10f29ac806ede0508b3ff
  languageName: node
  linkType: hard

"@discordjs/builders@npm:^1.6.3":
  version: 1.7.0
  resolution: "@discordjs/builders@npm:1.7.0"
  dependencies:
    "@discordjs/formatters": "npm:^0.3.3"
    "@discordjs/util": "npm:^1.0.2"
    "@sapphire/shapeshift": "npm:^3.9.3"
    discord-api-types: "npm:0.37.61"
    fast-deep-equal: "npm:^3.1.3"
    ts-mixer: "npm:^6.0.3"
    tslib: "npm:^2.6.2"
  checksum: 1152d8989ec51e625bc66b87e11322de3ce1ea62cdd9f1b6cc40feabaede9dfe6a1dc283c0b10ac1eae815ebe85853b6231f0a6b895124f4b9dd96bee9f99f0c
  languageName: node
  linkType: hard

"@discordjs/collection@npm:^1.5.3":
  version: 1.5.3
  resolution: "@discordjs/collection@npm:1.5.3"
  checksum: 770d0576612555c848858ead2a6c6242252f51ae3a7a6fdcc4986ceeb330ed8cffb81bcd1819e1ef11cce946cb9e707791926e757985cc2e081e984012c08dad
  languageName: node
  linkType: hard

"@discordjs/formatters@npm:^0.3.3":
  version: 0.3.3
  resolution: "@discordjs/formatters@npm:0.3.3"
  dependencies:
    discord-api-types: "npm:0.37.61"
  checksum: 372f5b03dc770f9640c7b90b6cbec22d4965b8af57824c67e55adf3c012bb5d1c3f312f286abb439b9e0790023b72b85b43d1b7237a2faecf52d79dbff1dbf25
  languageName: node
  linkType: hard

"@discordjs/util@npm:^1.0.2":
  version: 1.0.2
  resolution: "@discordjs/util@npm:1.0.2"
  checksum: a72343b2c7576110af7a7d57aab4a98830dd7cdadeca7cb21983f3a67b964871389d15324623a01d59006659644ad91419445876e203ef4e172ce8958d724618
  languageName: node
  linkType: hard

"@discordjs/voice@npm:^0.16.0":
  version: 0.16.1
  resolution: "@discordjs/voice@npm:0.16.1"
  dependencies:
    "@types/ws": "npm:^8.5.9"
    discord-api-types: "npm:0.37.61"
    prism-media: "npm:^1.3.5"
    tslib: "npm:^2.6.2"
    ws: "npm:^8.14.2"
  checksum: 64986610c1b9af8b6ef7309975154ec8930206f73ce31fc121c44375eeca672657951714651ae7de4d1921392e03ff33b2db238b3e096eb1a25805abcac521bb
  languageName: node
  linkType: hard

"@jridgewell/resolve-uri@npm:^3.0.3":
  version: 3.0.7
  resolution: "@jridgewell/resolve-uri@npm:3.0.7"
  checksum: e2b4dc2d71aab94593cd7170099cd023cd3e2edac7a68819c1b2c3b81bec785591afe87561dbd39d20cfdef10a7ad304a8c13f04a5b4ba80641f2339b271054f
  languageName: node
  linkType: hard

"@jridgewell/sourcemap-codec@npm:^1.4.10":
  version: 1.4.13
  resolution: "@jridgewell/sourcemap-codec@npm:1.4.13"
  checksum: 8794b2cf9f6b6acb0bdba364baa7aa27251aec11712998e83ccca36da26c3c28b20d7bbbf2fdb02de606b68c0aeb1dde5a71077cdd6c341eb42046af41b77d46
  languageName: node
  linkType: hard

"@jridgewell/trace-mapping@npm:0.3.9":
  version: 0.3.9
  resolution: "@jridgewell/trace-mapping@npm:0.3.9"
  dependencies:
    "@jridgewell/resolve-uri": "npm:^3.0.3"
    "@jridgewell/sourcemap-codec": "npm:^1.4.10"
  checksum: 83deafb8e7a5ca98993c2c6eeaa93c270f6f647a4c0dc00deb38c9cf9b2d3b7bf15e8839540155247ef034a052c0ec4466f980bf0c9e2ab63b97d16c0cedd3ff
  languageName: node
  linkType: hard

"@sapphire/async-queue@npm:^1.5.0":
  version: 1.5.1
  resolution: "@sapphire/async-queue@npm:1.5.1"
  checksum: 80af3aac624cab5ef4a539e1863b929aa00299ba392dadf322ef3949add080c9572a70340d551514f71e923e80729628030aa6329bdb06bd6e07bf0af3b61f2e
  languageName: node
  linkType: hard

"@sapphire/shapeshift@npm:^3.9.3":
  version: 3.9.4
  resolution: "@sapphire/shapeshift@npm:3.9.4"
  dependencies:
    fast-deep-equal: "npm:^3.1.3"
    lodash: "npm:^4.17.21"
  checksum: 1b0719e7b394b9626f4b950c479f2417eea982586f912e6ceed443e10fd5ded356210d1362f51dd5c78344bd3dac3601dc564c237428a8a372c01862c4b3a34c
  languageName: node
  linkType: hard

"@tsconfig/node10@npm:^1.0.7":
  version: 1.0.8
  resolution: "@tsconfig/node10@npm:1.0.8"
  checksum: b8d5fffbc6b17ef64ef74f7fdbccee02a809a063ade785c3648dae59406bc207f70ea2c4296f92749b33019fa36a5ae716e42e49cc7f1bbf0fd147be0d6b970a
  languageName: node
  linkType: hard

"@tsconfig/node12@npm:^1.0.7":
  version: 1.0.9
  resolution: "@tsconfig/node12@npm:1.0.9"
  checksum: a01b2400ab3582b86b589c6d31dcd0c0656f333adecde85d6d7d4086adb059808b82692380bb169546d189bf771ae21d02544a75b57bd6da4a5dd95f8567bec9
  languageName: node
  linkType: hard

"@tsconfig/node14@npm:^1.0.0":
  version: 1.0.1
  resolution: "@tsconfig/node14@npm:1.0.1"
  checksum: 976345e896c0f059867f94f8d0f6ddb8b1844fb62bf36b727de8a9a68f024857e5db97ed51d3325e23e0616a5e48c034ff51a8d595b3fe7e955f3587540489be
  languageName: node
  linkType: hard

"@tsconfig/node16@npm:^1.0.2":
  version: 1.0.2
  resolution: "@tsconfig/node16@npm:1.0.2"
  checksum: ca94d3639714672bbfd55f03521d3f56bb6a25479bd425da81faf21f13e1e9d15f40f97377dedbbf477a5841c5b0c8f4cd1b391f33553d750b9202c54c2c07aa
  languageName: node
  linkType: hard

"@types/node-fetch@npm:^2.6.7":
  version: 2.6.9
  resolution: "@types/node-fetch@npm:2.6.9"
  dependencies:
    "@types/node": "npm:*"
    form-data: "npm:^4.0.0"
  checksum: fc46141516191699b5f34fdf3516d3bd67421ad18da9f14785252abd22c1aa7a80ea5bcde835531b33df681f2b0d671786c3e987941547532fb447d77ebb8588
  languageName: node
  linkType: hard

"@types/node@npm:*":
  version: 17.0.31
  resolution: "@types/node@npm:17.0.31"
  checksum: 707f1b81b84a29428f5a61cb11906621a783cce75767a6d5e1158d4f8a9fe6b2375a9c585d04ebe325f1a78630fe05142f93cf8992142e96de14b09dbad330da
  languageName: node
  linkType: hard

"@types/node@npm:^20.10.4":
  version: 20.10.4
  resolution: "@types/node@npm:20.10.4"
  dependencies:
    undici-types: "npm:~5.26.4"
  checksum: c10c1dd13f5c2341ad866777dc32946538a99e1ebd203ae127730814b8e5fa4aedfbcb01cb3e24a5466f1af64bcdfa16e7de6e745ff098fff0942aa779b7fe03
  languageName: node
  linkType: hard

"@types/prompts@npm:^2.4.9":
  version: 2.4.9
  resolution: "@types/prompts@npm:2.4.9"
  dependencies:
    "@types/node": "npm:*"
    kleur: "npm:^3.0.3"
  checksum: 69b8372f4c790b45fea16a46ff8d1bcc71b14579481776b67bd6263637118a7ecb1f12e1311506c29fadc81bf618dc64f1a91f903cfd5be67a0455a227b3e462
  languageName: node
  linkType: hard

"@types/ws@npm:^8.5.10, @types/ws@npm:^8.5.8, @types/ws@npm:^8.5.9":
  version: 8.5.10
  resolution: "@types/ws@npm:8.5.10"
  dependencies:
    "@types/node": "npm:*"
  checksum: 9b414dc5e0b6c6f1ea4b1635b3568c58707357f68076df9e7cd33194747b7d1716d5189c0dbdd68c8d2521b148e88184cf881bac7429eb0e5c989b001539ed31
  languageName: node
  linkType: hard

"@types/yargs-parser@npm:*":
  version: 21.0.0
  resolution: "@types/yargs-parser@npm:21.0.0"
  checksum: c4caec730c1ee09466588389ba4ac83d85a01423c539b9565bb5b5a084bff3f4e47bfb7c06e963c0ef8d4929cf6fca0bc2923a33ef16727cdba60e95c8cdd0d0
  languageName: node
  linkType: hard

"@types/yargs@npm:^17.0.32":
  version: 17.0.32
  resolution: "@types/yargs@npm:17.0.32"
  dependencies:
    "@types/yargs-parser": "npm:*"
  checksum: 1e2b2673847011ce43607df690d392f137d95a2d6ea85aa319403eadda2ef4277365efd4982354d8843f2611ef3846c88599660aaeb537fa9ccddae83c2a89de
  languageName: node
  linkType: hard

"acorn-walk@npm:^8.1.1":
  version: 8.2.0
  resolution: "acorn-walk@npm:8.2.0"
  checksum: e69f7234f2adfeb16db3671429a7c80894105bd7534cb2032acf01bb26e6a847952d11a062d071420b43f8d82e33d2e57f26fe87d9cce0853e8143d8910ff1de
  languageName: node
  linkType: hard

"acorn@npm:^8.4.1":
  version: 8.7.1
  resolution: "acorn@npm:8.7.1"
  bin:
    acorn: bin/acorn
  checksum: 60a550c0c1173379a4ed29abd76f8a7f80adccdb8862afc8ce217fd006b7f47e8a035a72f518fcc0ef386334f0f91b6c8140cc51fd51137b8ecedf43663acf9a
  languageName: node
  linkType: hard

"ansi-regex@npm:^5.0.1":
  version: 5.0.1
  resolution: "ansi-regex@npm:5.0.1"
  checksum: 2aa4bb54caf2d622f1afdad09441695af2a83aa3fe8b8afa581d205e57ed4261c183c4d3877cee25794443fde5876417d859c108078ab788d6af7e4fe52eb66b
  languageName: node
  linkType: hard

"ansi-regex@npm:^6.0.1":
  version: 6.0.1
  resolution: "ansi-regex@npm:6.0.1"
  checksum: 1ff8b7667cded1de4fa2c9ae283e979fc87036864317da86a2e546725f96406746411d0d85e87a2d12fa5abd715d90006de7fa4fa0477c92321ad3b4c7d4e169
  languageName: node
  linkType: hard

"ansi-styles@npm:^4.0.0, ansi-styles@npm:^4.1.0":
  version: 4.3.0
  resolution: "ansi-styles@npm:4.3.0"
  dependencies:
    color-convert: "npm:^2.0.1"
  checksum: b4494dfbfc7e4591b4711a396bd27e540f8153914123dccb4cdbbcb514015ada63a3809f362b9d8d4f6b17a706f1d7bea3c6f974b15fa5ae76b5b502070889ff
  languageName: node
  linkType: hard

"arg@npm:^4.1.0":
  version: 4.1.3
  resolution: "arg@npm:4.1.3"
  checksum: 969b491082f20cad166649fa4d2073ea9e974a4e5ac36247ca23d2e5a8b3cb12d60e9ff70a8acfe26d76566c71fd351ee5e6a9a6595157eb36f92b1fd64e1599
  languageName: node
  linkType: hard

"asynckit@npm:^0.4.0":
  version: 0.4.0
  resolution: "asynckit@npm:0.4.0"
  checksum: 3ce727cbc78f69d6a4722517a58ee926c8c21083633b1d3fdf66fd688f6c127a53a592141bd4866f9b63240a86e9d8e974b13919450bd17fa33c2d22c4558ad8
  languageName: node
  linkType: hard

"badwords@npm:^1.0.0":
  version: 1.0.0
  resolution: "badwords@npm:1.0.0"
  checksum: d68b273a1daa01ef0db8af54d6b71194bcbc2038fdc66270e88ce6f3254ae627bb317b954074a092209391f6eb180971e42b4da9d28216f2deb08559a472475b
  languageName: node
  linkType: hard

"base64-js@npm:^1.3.1":
  version: 1.5.1
  resolution: "base64-js@npm:1.5.1"
  checksum: 669632eb3745404c2f822a18fc3a0122d2f9a7a13f7fb8b5823ee19d1d2ff9ee5b52c53367176ea4ad093c332fd5ab4bd0ebae5a8e27917a4105a4cfc86b1005
  languageName: node
  linkType: hard

"bignumber.js@npm:^9.0.0":
  version: 9.0.2
  resolution: "bignumber.js@npm:9.0.2"
  checksum: d270e73abb79a9beffd1347139266c08b9c022f91c5613226ec16a3eba240fabcbc7c597bbecbb43300038c9d94e3674a269784feac0f5b17c8d0b2b17940798
  languageName: node
  linkType: hard

"bl@npm:^5.0.0":
  version: 5.0.0
  resolution: "bl@npm:5.0.0"
  dependencies:
    buffer: "npm:^6.0.3"
    inherits: "npm:^2.0.4"
    readable-stream: "npm:^3.4.0"
  checksum: fe2af4bf39e1ba94767a9084bb7406ff65f1ef2faa4e292ccadc360ce9e9421d5685a598db02358e4fda838de8242be23a3c4f6d64f749ce0b8aa49298dd1015
  languageName: node
  linkType: hard

"buffer@npm:^6.0.3":
  version: 6.0.3
  resolution: "buffer@npm:6.0.3"
  dependencies:
    base64-js: "npm:^1.3.1"
    ieee754: "npm:^1.2.1"
  checksum: b6bc68237ebf29bdacae48ce60e5e28fc53ae886301f2ad9496618efac49427ed79096750033e7eab1897a4f26ae374ace49106a5758f38fb70c78c9fda2c3b1
  languageName: node
  linkType: hard

"chalk@npm:^4.1.2":
  version: 4.1.2
  resolution: "chalk@npm:4.1.2"
  dependencies:
    ansi-styles: "npm:^4.1.0"
    supports-color: "npm:^7.1.0"
  checksum: cb3f3e594913d63b1814d7ca7c9bafbf895f75fbf93b92991980610dfd7b48500af4e3a5d4e3a8f337990a96b168d7eb84ee55efdce965e2ee8efc20f8c8f139
  languageName: node
  linkType: hard

"chalk@npm:^5.0.0":
  version: 5.0.1
  resolution: "chalk@npm:5.0.1"
  checksum: fed38a27c848ed4111411ecd7c03bc79743f0abd4c52238f2ac969be9b8e88f41b17b313165a883ad3bd7608b583fef0b440a8f814c05fe2e1e0de077631fab1
  languageName: node
  linkType: hard

"chalk@npm:^5.3.0":
  version: 5.3.0
  resolution: "chalk@npm:5.3.0"
  checksum: 6373caaab21bd64c405bfc4bd9672b145647fc9482657b5ea1d549b3b2765054e9d3d928870cdf764fb4aad67555f5061538ff247b8310f110c5c888d92397ea
  languageName: node
  linkType: hard

"cli-cursor@npm:^4.0.0":
  version: 4.0.0
  resolution: "cli-cursor@npm:4.0.0"
  dependencies:
    restore-cursor: "npm:^4.0.0"
  checksum: ab3f3ea2076e2176a1da29f9d64f72ec3efad51c0960898b56c8a17671365c26e67b735920530eaf7328d61f8bd41c27f46b9cf6e4e10fe2fa44b5e8c0e392cc
  languageName: node
  linkType: hard

"cli-spinners@npm:^2.9.0":
  version: 2.9.2
  resolution: "cli-spinners@npm:2.9.2"
  checksum: a0a863f442df35ed7294424f5491fa1756bd8d2e4ff0c8736531d886cec0ece4d85e8663b77a5afaf1d296e3cbbebff92e2e99f52bbea89b667cbe789b994794
  languageName: node
  linkType: hard

"cliui@npm:^8.0.1":
  version: 8.0.1
  resolution: "cliui@npm:8.0.1"
  dependencies:
    string-width: "npm:^4.2.0"
    strip-ansi: "npm:^6.0.1"
    wrap-ansi: "npm:^7.0.0"
  checksum: eaa5561aeb3135c2cddf7a3b3f562fc4238ff3b3fc666869ef2adf264be0f372136702f16add9299087fb1907c2e4ec5dbfe83bd24bce815c70a80c6c1a2e950
  languageName: node
  linkType: hard

"color-convert@npm:^2.0.1":
  version: 2.0.1
  resolution: "color-convert@npm:2.0.1"
  dependencies:
    color-name: "npm:~1.1.4"
  checksum: fa00c91b4332b294de06b443923246bccebe9fab1b253f7fe1772d37b06a2269b4039a85e309abe1fe11b267b11c08d1d0473fda3badd6167f57313af2887a64
  languageName: node
  linkType: hard

"color-name@npm:~1.1.4":
  version: 1.1.4
  resolution: "color-name@npm:1.1.4"
  checksum: b0445859521eb4021cd0fb0cc1a75cecf67fceecae89b63f62b201cca8d345baf8b952c966862a9d9a2632987d4f6581f0ec8d957dfacece86f0a7919316f610
  languageName: node
  linkType: hard

"combined-stream@npm:^1.0.8":
  version: 1.0.8
  resolution: "combined-stream@npm:1.0.8"
  dependencies:
    delayed-stream: "npm:~1.0.0"
  checksum: 2e969e637d05d09fa50b02d74c83a1186f6914aae89e6653b62595cc75a221464f884f55f231b8f4df7a49537fba60bdc0427acd2bf324c09a1dbb84837e36e4
  languageName: node
  linkType: hard

"create-require@npm:^1.1.0":
  version: 1.1.1
  resolution: "create-require@npm:1.1.1"
  checksum: a9a1503d4390d8b59ad86f4607de7870b39cad43d929813599a23714831e81c520bddf61bcdd1f8e30f05fd3a2b71ae8538e946eb2786dc65c2bbc520f692eff
  languageName: node
  linkType: hard

"delayed-stream@npm:~1.0.0":
  version: 1.0.0
  resolution: "delayed-stream@npm:1.0.0"
  checksum: 46fe6e83e2cb1d85ba50bd52803c68be9bd953282fa7096f51fc29edd5d67ff84ff753c51966061e5ba7cb5e47ef6d36a91924eddb7f3f3483b1c560f77a0020
  languageName: node
  linkType: hard

"diff@npm:^4.0.1":
  version: 4.0.2
  resolution: "diff@npm:4.0.2"
  checksum: ec09ec2101934ca5966355a229d77afcad5911c92e2a77413efda5455636c4cf2ce84057e2d7715227a2eeeda04255b849bd3ae3a4dd22eb22e86e76456df069
  languageName: node
  linkType: hard

"discord-api-types@npm:0.37.61":
  version: 0.37.61
  resolution: "discord-api-types@npm:0.37.61"
  checksum: f11d593722ab8ba72c07fd841d62484f22c30e36f4ce6b644f8bbf48422d20b0cd6acbf126d60aa2c535e4bd55df694745cc730c6c0382717dc10b2a81fb2805
  languageName: node
  linkType: hard

"discord-api-types@npm:^0.37.61":
  version: 0.37.66
  resolution: "discord-api-types@npm:0.37.66"
  checksum: 5acb574e09796ead9dd43ffa9e18f577e33bd166d9805c184cceb919a9e54d0dad1e44d52d6dc7ef512a8c39df676ac3ac4eb3ea4c237443ad4095478e247f64
  languageName: node
  linkType: hard

"discord.js-selfbot-v13@npm:^2.15.0":
  version: 2.15.0
  resolution: "discord.js-selfbot-v13@npm:2.15.0"
  dependencies:
    "@aikochan2k6/qrcode-terminal": "npm:^0.12.1"
    "@discordjs/builders": "npm:^1.6.3"
    "@discordjs/collection": "npm:^1.5.3"
    "@discordjs/voice": "npm:^0.16.0"
    "@sapphire/async-queue": "npm:^1.5.0"
    "@sapphire/shapeshift": "npm:^3.9.3"
    "@types/node-fetch": "npm:^2.6.7"
    "@types/ws": "npm:^8.5.8"
    chalk: "npm:^4.1.2"
    discord-api-types: "npm:^0.37.61"
    fetch-cookie: "npm:^2.1.0"
    form-data: "npm:^4.0.0"
    json-bigint: "npm:^1.0.0"
    lodash.permutations: "npm:^1.0.0"
    node-fetch: "npm:^2.6.9"
    safe-base64: "npm:^2.0.1-0"
    string-similarity: "npm:^4.0.4"
    string_decoder: "npm:^1.3.0"
    tough-cookie: "npm:^4.1.3"
    ws: "npm:^8.14.2"
  checksum: f4042a79d21fd4eccfee264795138d6c61e4b4aa5aaf31548f3d0f1329e4a01fc2d9974e1b2c4ce71b61666e638402114032a552240efd08c99248d817401740
  languageName: node
  linkType: hard

"dotenv@npm:^16.3.1":
  version: 16.3.1
  resolution: "dotenv@npm:16.3.1"
  checksum: dbb778237ef8750e9e3cd1473d3c8eaa9cc3600e33a75c0e36415d0fa0848197f56c3800f77924c70e7828f0b03896818cd52f785b07b9ad4d88dba73fbba83f
  languageName: node
  linkType: hard

"eastasianwidth@npm:^0.2.0":
  version: 0.2.0
  resolution: "eastasianwidth@npm:0.2.0"
  checksum: 9b1d3e1baefeaf7d70799db8774149cef33b97183a6addceeba0cf6b85ba23ee2686f302f14482006df32df75d32b17c509c143a3689627929e4a8efaf483952
  languageName: node
  linkType: hard

"emoji-regex@npm:^10.2.1":
  version: 10.3.0
  resolution: "emoji-regex@npm:10.3.0"
  checksum: b9b084ebe904f13bb4b66ee4c29fb41a7a4a1165adcc33c1ce8056c0194b882cc91ebdc782f1a779b5d7ea7375c5064643a7734893d7c657b44c5c6b9d7bf1e7
  languageName: node
  linkType: hard

"emoji-regex@npm:^8.0.0":
  version: 8.0.0
  resolution: "emoji-regex@npm:8.0.0"
  checksum: c72d67a6821be15ec11997877c437491c313d924306b8da5d87d2a2bcc2cec9903cb5b04ee1a088460501d8e5b44f10df82fdc93c444101a7610b80c8b6938e1
  languageName: node
  linkType: hard

"escalade@npm:^3.1.1":
  version: 3.1.1
  resolution: "escalade@npm:3.1.1"
  checksum: afa618e73362576b63f6ca83c975456621095a1ed42ff068174e3f5cea48afc422814dda548c96e6ebb5333e7265140c7292abcc81bbd6ccb1757d50d3a4e182
  languageName: node
  linkType: hard

"fast-deep-equal@npm:^3.1.3":
  version: 3.1.3
  resolution: "fast-deep-equal@npm:3.1.3"
  checksum: e21a9d8d84f53493b6aa15efc9cfd53dd5b714a1f23f67fb5dc8f574af80df889b3bce25dc081887c6d25457cce704e636395333abad896ccdec03abaf1f3f9d
  languageName: node
  linkType: hard

"fetch-cookie@npm:^2.1.0":
  version: 2.1.0
  resolution: "fetch-cookie@npm:2.1.0"
  dependencies:
    set-cookie-parser: "npm:^2.4.8"
    tough-cookie: "npm:^4.0.0"
  checksum: 3b5b296a483231bbe967a406625d09620eef6e54aa3b352aafa9e140e9201f9cec358f9b07a2d82ffa230ebf57e5506bca233518f7a22fdb7c5c44ff3d824a01
  languageName: node
  linkType: hard

"form-data@npm:^4.0.0":
  version: 4.0.0
  resolution: "form-data@npm:4.0.0"
  dependencies:
    asynckit: "npm:^0.4.0"
    combined-stream: "npm:^1.0.8"
    mime-types: "npm:^2.1.12"
  checksum: 7264aa760a8cf09482816d8300f1b6e2423de1b02bba612a136857413fdc96d7178298ced106817655facc6b89036c6e12ae31c9eb5bdc16aabf502ae8a5d805
  languageName: node
  linkType: hard

"get-caller-file@npm:^2.0.5":
  version: 2.0.5
  resolution: "get-caller-file@npm:2.0.5"
  checksum: b9769a836d2a98c3ee734a88ba712e62703f1df31b94b784762c433c27a386dd6029ff55c2a920c392e33657d80191edbf18c61487e198844844516f843496b9
  languageName: node
  linkType: hard

"has-flag@npm:^4.0.0":
  version: 4.0.0
  resolution: "has-flag@npm:4.0.0"
  checksum: 261a1357037ead75e338156b1f9452c016a37dcd3283a972a30d9e4a87441ba372c8b81f818cd0fbcd9c0354b4ae7e18b9e1afa1971164aef6d18c2b6095a8ad
  languageName: node
  linkType: hard

"ieee754@npm:^1.2.1":
  version: 1.2.1
  resolution: "ieee754@npm:1.2.1"
  checksum: d9f2557a59036f16c282aaeb107832dc957a93d73397d89bbad4eb1130560560eb695060145e8e6b3b498b15ab95510226649a0b8f52ae06583575419fe10fc4
  languageName: node
  linkType: hard

"inherits@npm:^2.0.3, inherits@npm:^2.0.4":
  version: 2.0.4
  resolution: "inherits@npm:2.0.4"
  checksum: cd45e923bee15186c07fa4c89db0aace24824c482fb887b528304694b2aa6ff8a898da8657046a5dcf3e46cd6db6c61629551f9215f208d7c3f157cf9b290521
  languageName: node
  linkType: hard

"is-fullwidth-code-point@npm:^3.0.0":
  version: 3.0.0
  resolution: "is-fullwidth-code-point@npm:3.0.0"
  checksum: 44a30c29457c7fb8f00297bce733f0a64cd22eca270f83e58c105e0d015e45c019491a4ab2faef91ab51d4738c670daff901c799f6a700e27f7314029e99e348
  languageName: node
  linkType: hard

"is-interactive@npm:^2.0.0":
  version: 2.0.0
  resolution: "is-interactive@npm:2.0.0"
  checksum: e8d52ad490bed7ae665032c7675ec07732bbfe25808b0efbc4d5a76b1a1f01c165f332775c63e25e9a03d319ebb6b24f571a9e902669fc1e40b0a60b5be6e26c
  languageName: node
  linkType: hard

"is-unicode-supported@npm:^1.1.0":
  version: 1.2.0
  resolution: "is-unicode-supported@npm:1.2.0"
  checksum: 2d90b4b3ce622c1ecf7414b8954cc8f0483576d4d8e6892cbbdc1e2dd33d6126b1cf0319cf1549bee03d45f989b8b0de3309c879a9388a4fe6b8836f866ed86c
  languageName: node
  linkType: hard

"is-unicode-supported@npm:^1.3.0":
  version: 1.3.0
  resolution: "is-unicode-supported@npm:1.3.0"
  checksum: 20a1fc161afafaf49243551a5ac33b6c4cf0bbcce369fcd8f2951fbdd000c30698ce320de3ee6830497310a8f41880f8066d440aa3eb0a853e2aa4836dd89abc
  languageName: node
  linkType: hard

"json-bigint@npm:^1.0.0":
  version: 1.0.0
  resolution: "json-bigint@npm:1.0.0"
  dependencies:
    bignumber.js: "npm:^9.0.0"
  checksum: cd3973b88e5706f8f89d2a9c9431f206ef385bd5c584db1b258891a5e6642507c32316b82745239088c697f5ddfe967351e1731f5789ba7855aed56ad5f70e1f
  languageName: node
  linkType: hard

"kleur@npm:^3.0.3":
  version: 3.0.3
  resolution: "kleur@npm:3.0.3"
  checksum: 0c0ecaf00a5c6173d25059c7db2113850b5457016dfa1d0e3ef26da4704fbb186b4938d7611246d86f0ddf1bccf26828daa5877b1f232a65e7373d0122a83e7f
  languageName: node
  linkType: hard

"lodash.permutations@npm:^1.0.0":
  version: 1.0.0
  resolution: "lodash.permutations@npm:1.0.0"
  peerDependencies:
    lodash: ^4.0.0
  checksum: 513252a7ad986605b9b32453bedd9984b11b300ad57ce41c7c1a9b1e2025e804388a14c04efae751cd597636163bc4cf1b2d60890e745a66dc277b1892f583a0
  languageName: node
  linkType: hard

"lodash@npm:^4.17.21":
  version: 4.17.21
  resolution: "lodash@npm:4.17.21"
  checksum: c08619c038846ea6ac754abd6dd29d2568aa705feb69339e836dfa8d8b09abbb2f859371e86863eda41848221f9af43714491467b5b0299122431e202bb0c532
  languageName: node
  linkType: hard

"log-symbols@npm:^5.1.0":
  version: 5.1.0
  resolution: "log-symbols@npm:5.1.0"
  dependencies:
    chalk: "npm:^5.0.0"
    is-unicode-supported: "npm:^1.1.0"
  checksum: 7291b6e7f1b3df6865bdaeb9b59605c832668ac2fa0965c63b1e7dd3700349aec09c1d7d40c368d5041ff58b7f89461a56e4009471921301af7b3609cbff9a29
  languageName: node
  linkType: hard

"make-error@npm:^1.1.1":
  version: 1.3.6
  resolution: "make-error@npm:1.3.6"
  checksum: b86e5e0e25f7f777b77fabd8e2cbf15737972869d852a22b7e73c17623928fccb826d8e46b9951501d3f20e51ad74ba8c59ed584f610526a48f8ccf88aaec402
  languageName: node
  linkType: hard

"mime-db@npm:1.52.0":
  version: 1.52.0
  resolution: "mime-db@npm:1.52.0"
  checksum: 54bb60bf39e6f8689f6622784e668a3d7f8bed6b0d886f5c3c446cb3284be28b30bf707ed05d0fe44a036f8469976b2629bbea182684977b084de9da274694d7
  languageName: node
  linkType: hard

"mime-types@npm:^2.1.12":
  version: 2.1.35
  resolution: "mime-types@npm:2.1.35"
  dependencies:
    mime-db: "npm:1.52.0"
  checksum: 89aa9651b67644035de2784a6e665fc685d79aba61857e02b9c8758da874a754aed4a9aced9265f5ed1171fd934331e5516b84a7f0218031b6fa0270eca1e51a
  languageName: node
  linkType: hard

"mimic-fn@npm:^2.1.0":
  version: 2.1.0
  resolution: "mimic-fn@npm:2.1.0"
  checksum: d2421a3444848ce7f84bd49115ddacff29c15745db73f54041edc906c14b131a38d05298dae3081667627a59b2eb1ca4b436ff2e1b80f69679522410418b478a
  languageName: node
  linkType: hard

"node-fetch@npm:^2.6.9":
  version: 2.7.0
  resolution: "node-fetch@npm:2.7.0"
  dependencies:
    whatwg-url: "npm:^5.0.0"
  peerDependencies:
    encoding: ^0.1.0
  peerDependenciesMeta:
    encoding:
      optional: true
  checksum: b24f8a3dc937f388192e59bcf9d0857d7b6940a2496f328381641cb616efccc9866e89ec43f2ec956bbd6c3d3ee05524ce77fe7b29ccd34692b3a16f237d6676
  languageName: node
  linkType: hard

"nukecord@workspace:.":
  version: 0.0.0-use.local
  resolution: "nukecord@workspace:."
  dependencies:
    "@types/node": "npm:^20.10.4"
    "@types/prompts": "npm:^2.4.9"
    "@types/ws": "npm:^8.5.10"
    "@types/yargs": "npm:^17.0.32"
    badwords: "npm:^1.0.0"
    chalk: "npm:^5.3.0"
    discord.js-selfbot-v13: "npm:^2.15.0"
    dotenv: "npm:^16.3.1"
    ora: "npm:^7.0.1"
    prettier: "npm:^3.1.1"
    prompts: "npm:^2.4.2"
    ts-node: "npm:^10.9.2"
    typescript: "npm:^5.3.3"
    yargs: "npm:^17.7.2"
  bin:
    nukecord: ./lib/cli.js
  languageName: unknown
  linkType: soft

"onetime@npm:^5.1.0":
  version: 5.1.2
  resolution: "onetime@npm:5.1.2"
  dependencies:
    mimic-fn: "npm:^2.1.0"
  checksum: e9fd0695a01cf226652f0385bf16b7a24153dbbb2039f764c8ba6d2306a8506b0e4ce570de6ad99c7a6eb49520743afdb66edd95ee979c1a342554ed49a9aadd
  languageName: node
  linkType: hard

"ora@npm:^7.0.1":
  version: 7.0.1
  resolution: "ora@npm:7.0.1"
  dependencies:
    chalk: "npm:^5.3.0"
    cli-cursor: "npm:^4.0.0"
    cli-spinners: "npm:^2.9.0"
    is-interactive: "npm:^2.0.0"
    is-unicode-supported: "npm:^1.3.0"
    log-symbols: "npm:^5.1.0"
    stdin-discarder: "npm:^0.1.0"
    string-width: "npm:^6.1.0"
    strip-ansi: "npm:^7.1.0"
  checksum: 4ec001b6f1b8592be93d8a5e7e4f271f0fcd85868ceb0f00d0c1bff57be282aeeaaaacbd4bdefdf1b852de5d7813ac564da7a3c08000761beeade6097fc8a9af
  languageName: node
  linkType: hard

"prettier@npm:^3.1.1":
  version: 3.1.1
  resolution: "prettier@npm:3.1.1"
  bin:
    prettier: bin/prettier.cjs
  checksum: 26a249f321b97d26c04483f1bf2eeb22e082a76f4222a2c922bebdc60111691aad4ec3979610e83942e0b956058ec361d9e9c81c185172264eb6db9aa678082b
  languageName: node
  linkType: hard

"prism-media@npm:^1.3.5":
  version: 1.3.5
  resolution: "prism-media@npm:1.3.5"
  peerDependencies:
    "@discordjs/opus": ">=0.8.0 <1.0.0"
    ffmpeg-static: ^5.0.2 || ^4.2.7 || ^3.0.0 || ^2.4.0
    node-opus: ^0.3.3
    opusscript: ^0.0.8
  peerDependenciesMeta:
    "@discordjs/opus":
      optional: true
    ffmpeg-static:
      optional: true
    node-opus:
      optional: true
    opusscript:
      optional: true
  checksum: a4e7e3cbb0b818e58926091e4c41a7032b16ff13beed052036e06915db8ed8bf6de67aabb98c2bcf7729df68eee84ae7f9970ed1efb49f805f6c5a02884e563d
  languageName: node
  linkType: hard

"prompts@npm:^2.4.2":
  version: 2.4.2
  resolution: "prompts@npm:2.4.2"
  dependencies:
    kleur: "npm:^3.0.3"
    sisteransi: "npm:^1.0.5"
  checksum: c52536521a4d21eff4f2f2aa4572446cad227464066365a7167e52ccf8d9839c099f9afec1aba0eed3d5a2514b3e79e0b3e7a1dc326b9acde6b75d27ed74b1a9
  languageName: node
  linkType: hard

"psl@npm:^1.1.33":
  version: 1.9.0
  resolution: "psl@npm:1.9.0"
  checksum: d07879d4bfd0ac74796306a8e5a36a93cfb9c4f4e8ee8e63fbb909066c192fe1008cd8f12abd8ba2f62ca28247949a20c8fb32e1d18831d9e71285a1569720f9
  languageName: node
  linkType: hard

"punycode@npm:^2.1.1":
  version: 2.3.1
  resolution: "punycode@npm:2.3.1"
  checksum: febdc4362bead22f9e2608ff0171713230b57aff9dddc1c273aa2a651fbd366f94b7d6a71d78342a7c0819906750351ca7f2edd26ea41b626d87d6a13d1bd059
  languageName: node
  linkType: hard

"querystringify@npm:^2.1.1":
  version: 2.2.0
  resolution: "querystringify@npm:2.2.0"
  checksum: 46ab16f252fd892fc29d6af60966d338cdfeea68a231e9457631ffd22d67cec1e00141e0a5236a2eb16c0d7d74175d9ec1d6f963660c6f2b1c2fc85b194c5680
  languageName: node
  linkType: hard

"readable-stream@npm:^3.4.0":
  version: 3.6.0
  resolution: "readable-stream@npm:3.6.0"
  dependencies:
    inherits: "npm:^2.0.3"
    string_decoder: "npm:^1.1.1"
    util-deprecate: "npm:^1.0.1"
  checksum: b80b3e6a7fafb1c79de7db541de357f4a5ee73bd70c21672f5a7c840d27bb27bdb0151e7ba2fd82c4a888df22ce0c501b0d9f3e4dfe51688876701c437d59536
  languageName: node
  linkType: hard

"require-directory@npm:^2.1.1":
  version: 2.1.1
  resolution: "require-directory@npm:2.1.1"
  checksum: a72468e2589270d91f06c7d36ec97a88db53ae5d6fe3787fadc943f0b0276b10347f89b363b2a82285f650bdcc135ad4a257c61bdd4d00d6df1fa24875b0ddaf
  languageName: node
  linkType: hard

"requires-port@npm:^1.0.0":
  version: 1.0.0
  resolution: "requires-port@npm:1.0.0"
  checksum: 878880ee78ccdce372784f62f52a272048e2d0827c29ae31e7f99da18b62a2b9463ea03a75f277352f4697c100183debb0532371ad515a2d49d4bfe596dd4c20
  languageName: node
  linkType: hard

"restore-cursor@npm:^4.0.0":
  version: 4.0.0
  resolution: "restore-cursor@npm:4.0.0"
  dependencies:
    onetime: "npm:^5.1.0"
    signal-exit: "npm:^3.0.2"
  checksum: 5b675c5a59763bf26e604289eab35711525f11388d77f409453904e1e69c0d37ae5889295706b2c81d23bd780165084d040f9b68fffc32cc921519031c4fa4af
  languageName: node
  linkType: hard

"safe-base64@npm:^2.0.1-0":
  version: 2.0.1-0
  resolution: "safe-base64@npm:2.0.1-0"
  checksum: ed1cc7fc0cf2e197904aa86224b8a2ed408b102c22fc1cfead7f509d6bd4244607a62b33a006a360a2871b77d24d85684d9e6e923e8bc3e41d825c8d225af727
  languageName: node
  linkType: hard

"safe-buffer@npm:~5.2.0":
  version: 5.2.1
  resolution: "safe-buffer@npm:5.2.1"
  checksum: 32872cd0ff68a3ddade7a7617b8f4c2ae8764d8b7d884c651b74457967a9e0e886267d3ecc781220629c44a865167b61c375d2da6c720c840ecd73f45d5d9451
  languageName: node
  linkType: hard

"set-cookie-parser@npm:^2.4.8":
  version: 2.6.0
  resolution: "set-cookie-parser@npm:2.6.0"
  checksum: 8d451ebadb760989f93b634942c79de3c925ca7a986d133d08a80c40b5ae713ce12e354f0d5245c49f288c52daa7bd6554d5dc52f8a4eecaaf5e192881cf2b1f
  languageName: node
  linkType: hard

"signal-exit@npm:^3.0.2":
  version: 3.0.7
  resolution: "signal-exit@npm:3.0.7"
  checksum: a2f098f247adc367dffc27845853e9959b9e88b01cb301658cfe4194352d8d2bb32e18467c786a7fe15f1d44b233ea35633d076d5e737870b7139949d1ab6318
  languageName: node
  linkType: hard

"sisteransi@npm:^1.0.5":
  version: 1.0.5
  resolution: "sisteransi@npm:1.0.5"
  checksum: aba6438f46d2bfcef94cf112c835ab395172c75f67453fe05c340c770d3c402363018ae1ab4172a1026a90c47eaccf3af7b6ff6fa749a680c2929bd7fa2b37a4
  languageName: node
  linkType: hard

"stdin-discarder@npm:^0.1.0":
  version: 0.1.0
  resolution: "stdin-discarder@npm:0.1.0"
  dependencies:
    bl: "npm:^5.0.0"
  checksum: 85131f70ae2830144133b7a6211d56f9ac2603573f4af3d0b66e828af5e13fcdea351f9192f86bb7fed2c64604c8097bf36d50cb77d54e898ce4604c3b7b6b8f
  languageName: node
  linkType: hard

"string-similarity@npm:^4.0.4":
  version: 4.0.4
  resolution: "string-similarity@npm:4.0.4"
  checksum: 53365fe64d4958e88951f0016b2174aaea330f762f522be6081bae4cac3e3396f723c8ec4091c0b0e266129652ead5dde3683c31d3a07ff1b6aa35057de28b1b
  languageName: node
  linkType: hard

"string-width@npm:^4.1.0, string-width@npm:^4.2.0, string-width@npm:^4.2.3":
  version: 4.2.3
  resolution: "string-width@npm:4.2.3"
  dependencies:
    emoji-regex: "npm:^8.0.0"
    is-fullwidth-code-point: "npm:^3.0.0"
    strip-ansi: "npm:^6.0.1"
  checksum: e52c10dc3fbfcd6c3a15f159f54a90024241d0f149cf8aed2982a2d801d2e64df0bf1dc351cf8e95c3319323f9f220c16e740b06faecd53e2462df1d2b5443fb
  languageName: node
  linkType: hard

"string-width@npm:^6.1.0":
  version: 6.1.0
  resolution: "string-width@npm:6.1.0"
  dependencies:
    eastasianwidth: "npm:^0.2.0"
    emoji-regex: "npm:^10.2.1"
    strip-ansi: "npm:^7.0.1"
  checksum: 8aefb456a230c8d7fe254049b1b2d62603da1a3b6c7fc9f3332f6779583cc1c72653f9b6e4cd0c1c92befee1565d4a0a7542d09ba4ceb6d96af02fbd8425bb03
  languageName: node
  linkType: hard

"string_decoder@npm:^1.1.1, string_decoder@npm:^1.3.0":
  version: 1.3.0
  resolution: "string_decoder@npm:1.3.0"
  dependencies:
    safe-buffer: "npm:~5.2.0"
  checksum: 54d23f4a6acae0e93f999a585e673be9e561b65cd4cca37714af1e893ab8cd8dfa52a9e4f58f48f87b4a44918d3a9254326cb80ed194bf2e4c226e2b21767e56
  languageName: node
  linkType: hard

"strip-ansi@npm:^6.0.0, strip-ansi@npm:^6.0.1":
  version: 6.0.1
  resolution: "strip-ansi@npm:6.0.1"
  dependencies:
    ansi-regex: "npm:^5.0.1"
  checksum: ae3b5436d34fadeb6096367626ce987057713c566e1e7768818797e00ac5d62023d0f198c4e681eae9e20701721980b26a64a8f5b91238869592a9c6800719a2
  languageName: node
  linkType: hard

"strip-ansi@npm:^7.0.1":
  version: 7.0.1
  resolution: "strip-ansi@npm:7.0.1"
  dependencies:
    ansi-regex: "npm:^6.0.1"
  checksum: 07b3142f515d673e05d2da1ae07bba1eb2ba3b588135a38dea598ca11913b6e9487a9f2c9bed4c74cd31e554012b4503d9fb7e6034c7324973854feea2319110
  languageName: node
  linkType: hard

"strip-ansi@npm:^7.1.0":
  version: 7.1.0
  resolution: "strip-ansi@npm:7.1.0"
  dependencies:
    ansi-regex: "npm:^6.0.1"
  checksum: 475f53e9c44375d6e72807284024ac5d668ee1d06010740dec0b9744f2ddf47de8d7151f80e5f6190fc8f384e802fdf9504b76a7e9020c9faee7103623338be2
  languageName: node
  linkType: hard

"supports-color@npm:^7.1.0":
  version: 7.2.0
  resolution: "supports-color@npm:7.2.0"
  dependencies:
    has-flag: "npm:^4.0.0"
  checksum: c8bb7afd564e3b26b50ca6ee47572c217526a1389fe018d00345856d4a9b08ffbd61fadaf283a87368d94c3dcdb8f5ffe2650a5a65863e21ad2730ca0f05210a
  languageName: node
  linkType: hard

"tough-cookie@npm:^4.0.0, tough-cookie@npm:^4.1.3":
  version: 4.1.3
  resolution: "tough-cookie@npm:4.1.3"
  dependencies:
    psl: "npm:^1.1.33"
    punycode: "npm:^2.1.1"
    universalify: "npm:^0.2.0"
    url-parse: "npm:^1.5.3"
  checksum: cf148c359b638a7069fc3ba9a5257bdc9616a6948a98736b92c3570b3f8401cf9237a42bf716878b656f372a1fb65b74dd13a46ccff8eceba14ffd053d33f72a
  languageName: node
  linkType: hard

"tr46@npm:~0.0.3":
  version: 0.0.3
  resolution: "tr46@npm:0.0.3"
  checksum: 8f1f5aa6cb232f9e1bdc86f485f916b7aa38caee8a778b378ffec0b70d9307873f253f5cbadbe2955ece2ac5c83d0dc14a77513166ccd0a0c7fe197e21396695
  languageName: node
  linkType: hard

"ts-mixer@npm:^6.0.3":
  version: 6.0.3
  resolution: "ts-mixer@npm:6.0.3"
  checksum: ac9178bdac5e5f760472269ad4c461587a0f6793532ddbef1326bb01482425a6247be98f9bd11bf35a9fdd36b63b8c8dde393942b9b9ee52d154eef082fca39a
  languageName: node
  linkType: hard

"ts-node@npm:^10.9.2":
  version: 10.9.2
  resolution: "ts-node@npm:10.9.2"
  dependencies:
    "@cspotcode/source-map-support": "npm:^0.8.0"
    "@tsconfig/node10": "npm:^1.0.7"
    "@tsconfig/node12": "npm:^1.0.7"
    "@tsconfig/node14": "npm:^1.0.0"
    "@tsconfig/node16": "npm:^1.0.2"
    acorn: "npm:^8.4.1"
    acorn-walk: "npm:^8.1.1"
    arg: "npm:^4.1.0"
    create-require: "npm:^1.1.0"
    diff: "npm:^4.0.1"
    make-error: "npm:^1.1.1"
    v8-compile-cache-lib: "npm:^3.0.1"
    yn: "npm:3.1.1"
  peerDependencies:
    "@swc/core": ">=1.2.50"
    "@swc/wasm": ">=1.2.50"
    "@types/node": "*"
    typescript: ">=2.7"
  peerDependenciesMeta:
    "@swc/core":
      optional: true
    "@swc/wasm":
      optional: true
  bin:
    ts-node: dist/bin.js
    ts-node-cwd: dist/bin-cwd.js
    ts-node-esm: dist/bin-esm.js
    ts-node-script: dist/bin-script.js
    ts-node-transpile-only: dist/bin-transpile.js
    ts-script: dist/bin-script-deprecated.js
  checksum: a91a15b3c9f76ac462f006fa88b6bfa528130dcfb849dd7ef7f9d640832ab681e235b8a2bc58ecde42f72851cc1d5d4e22c901b0c11aa51001ea1d395074b794
  languageName: node
  linkType: hard

"tslib@npm:^2.6.2":
  version: 2.6.2
  resolution: "tslib@npm:2.6.2"
  checksum: bd26c22d36736513980091a1e356378e8b662ded04204453d353a7f34a4c21ed0afc59b5f90719d4ba756e581a162ecbf93118dc9c6be5acf70aa309188166ca
  languageName: node
  linkType: hard

"typescript@npm:^5.3.3":
  version: 5.3.3
  resolution: "typescript@npm:5.3.3"
  bin:
    tsc: bin/tsc
    tsserver: bin/tsserver
  checksum: 6e4e6a14a50c222b3d14d4ea2f729e79f972fa536ac1522b91202a9a65af3605c2928c4a790a4a50aa13694d461c479ba92cedaeb1e7b190aadaa4e4b96b8e18
  languageName: node
  linkType: hard

"typescript@patch:typescript@npm%3A^5.3.3#optional!builtin<compat/typescript>":
  version: 5.3.3
  resolution: "typescript@patch:typescript@npm%3A5.3.3#optional!builtin<compat/typescript>::version=5.3.3&hash=e012d7"
  bin:
    tsc: bin/tsc
    tsserver: bin/tsserver
  checksum: c93786fcc9a70718ba1e3819bab56064ead5817004d1b8186f8ca66165f3a2d0100fee91fa64c840dcd45f994ca5d615d8e1f566d39a7470fc1e014dbb4cf15d
  languageName: node
  linkType: hard

"undici-types@npm:~5.26.4":
  version: 5.26.5
  resolution: "undici-types@npm:5.26.5"
  checksum: 0097779d94bc0fd26f0418b3a05472410408877279141ded2bd449167be1aed7ea5b76f756562cb3586a07f251b90799bab22d9019ceba49c037c76445f7cddd
  languageName: node
  linkType: hard

"universalify@npm:^0.2.0":
  version: 0.2.0
  resolution: "universalify@npm:0.2.0"
  checksum: e86134cb12919d177c2353196a4cc09981524ee87abf621f7bc8d249dbbbebaec5e7d1314b96061497981350df786e4c5128dbf442eba104d6e765bc260678b5
  languageName: node
  linkType: hard

"url-parse@npm:^1.5.3":
  version: 1.5.10
  resolution: "url-parse@npm:1.5.10"
  dependencies:
    querystringify: "npm:^2.1.1"
    requires-port: "npm:^1.0.0"
  checksum: c9e96bc8c5b34e9f05ddfeffc12f6aadecbb0d971b3cc26015b58d5b44676a99f50d5aeb1e5c9e61fa4d49961ae3ab1ae997369ed44da51b2f5ac010d188e6ad
  languageName: node
  linkType: hard

"util-deprecate@npm:^1.0.1":
  version: 1.0.2
  resolution: "util-deprecate@npm:1.0.2"
  checksum: 474acf1146cb2701fe3b074892217553dfcf9a031280919ba1b8d651a068c9b15d863b7303cb15bd00a862b498e6cf4ad7b4a08fb134edd5a6f7641681cb54a2
  languageName: node
  linkType: hard

"v8-compile-cache-lib@npm:^3.0.1":
  version: 3.0.1
  resolution: "v8-compile-cache-lib@npm:3.0.1"
  checksum: 88d3423a52b6aaf1836be779cab12f7016d47ad8430dffba6edf766695e6d90ad4adaa3d8eeb512cc05924f3e246c4a4ca51e089dccf4402caa536b5e5be8961
  languageName: node
  linkType: hard

"webidl-conversions@npm:^3.0.0":
  version: 3.0.1
  resolution: "webidl-conversions@npm:3.0.1"
  checksum: b65b9f8d6854572a84a5c69615152b63371395f0c5dcd6729c45789052296df54314db2bc3e977df41705eacb8bc79c247cee139a63fa695192f95816ed528ad
  languageName: node
  linkType: hard

"whatwg-url@npm:^5.0.0":
  version: 5.0.0
  resolution: "whatwg-url@npm:5.0.0"
  dependencies:
    tr46: "npm:~0.0.3"
    webidl-conversions: "npm:^3.0.0"
  checksum: f95adbc1e80820828b45cc671d97da7cd5e4ef9deb426c31bcd5ab00dc7103042291613b3ef3caec0a2335ed09e0d5ed026c940755dbb6d404e2b27f940fdf07
  languageName: node
  linkType: hard

"wrap-ansi@npm:^7.0.0":
  version: 7.0.0
  resolution: "wrap-ansi@npm:7.0.0"
  dependencies:
    ansi-styles: "npm:^4.0.0"
    string-width: "npm:^4.1.0"
    strip-ansi: "npm:^6.0.0"
  checksum: cebdaeca3a6880da410f75209e68cd05428580de5ad24535f22696d7d9cab134d1f8498599f344c3cf0fb37c1715807a183778d8c648d6cc0cb5ff2bb4236540
  languageName: node
  linkType: hard

"ws@npm:^8.14.2":
  version: 8.15.0
  resolution: "ws@npm:8.15.0"
  peerDependencies:
    bufferutil: ^4.0.1
    utf-8-validate: ">=5.0.2"
  peerDependenciesMeta:
    bufferutil:
      optional: true
    utf-8-validate:
      optional: true
  checksum: 77a106fd0c7284dfb3c2d85e7c8b52f4f898bab0bede8588f443696a6dc95026eb13bda8f390a609340c994c3b88d4839e63c3caf0d0e635575994a3357afdbd
  languageName: node
  linkType: hard

"y18n@npm:^5.0.5":
  version: 5.0.8
  resolution: "y18n@npm:5.0.8"
  checksum: 5f1b5f95e3775de4514edbb142398a2c37849ccfaf04a015be5d75521e9629d3be29bd4432d23c57f37e5b61ade592fb0197022e9993f81a06a5afbdcda9346d
  languageName: node
  linkType: hard

"yargs-parser@npm:^21.1.1":
  version: 21.1.1
  resolution: "yargs-parser@npm:21.1.1"
  checksum: 9dc2c217ea3bf8d858041252d43e074f7166b53f3d010a8c711275e09cd3d62a002969a39858b92bbda2a6a63a585c7127014534a560b9c69ed2d923d113406e
  languageName: node
  linkType: hard

"yargs@npm:^17.7.2":
  version: 17.7.2
  resolution: "yargs@npm:17.7.2"
  dependencies:
    cliui: "npm:^8.0.1"
    escalade: "npm:^3.1.1"
    get-caller-file: "npm:^2.0.5"
    require-directory: "npm:^2.1.1"
    string-width: "npm:^4.2.3"
    y18n: "npm:^5.0.5"
    yargs-parser: "npm:^21.1.1"
  checksum: abb3e37678d6e38ea85485ed86ebe0d1e3464c640d7d9069805ea0da12f69d5a32df8e5625e370f9c96dd1c2dc088ab2d0a4dd32af18222ef3c4224a19471576
  languageName: node
  linkType: hard

"yn@npm:3.1.1":
  version: 3.1.1
  resolution: "yn@npm:3.1.1"
  checksum: 2c487b0e149e746ef48cda9f8bad10fc83693cd69d7f9dcd8be4214e985de33a29c9e24f3c0d6bcf2288427040a8947406ab27f7af67ee9456e6b84854f02dd6
  languageName: node
  linkType: hard
